
Microsoft Visual Studio Solution File, Format Version 12.00
# Visual Studio 14
VisualStudioVersion = 14.0.25123.0
MinimumVisualStudioVersion = 10.0.40219.1
Project("{FAE04EC0-301F-11D3-BF4B-00C04F79EFBC}") = "1- FTPS 文件传输协议", "1- FTPS 文件传输协议\1- FTPS 文件传输协议.csproj", "{9D2E7402-7F90-4A7D-A2F2-7BC7EB2072E1}"
EndProject
Project("{2150E333-8FDC-42A3-9474-1A3956D46DE8}") = "Common", "Common", "{A5D17D07-C630-4945-85AF-8F9140C26EE0}"
EndProject
Project("{FAE04EC0-301F-11D3-BF4B-00C04F79EFBC}") = "Common", "Common\Common.csproj", "{B2C6A7F9-A3C3-4715-B8AF-067FE31A8BE3}"
EndProject
Project("{FAE04EC0-301F-11D3-BF4B-00C04F79EFBC}") = "2- GIS 地图显示", "..\GPSMonitor\GPSMonitor\2- GIS 地图显示.csproj", "{6A028216-976C-488B-BC8B-FE431DB38478}"
EndProject
Project("{2150E333-8FDC-42A3-9474-1A3956D46DE8}") = "FTP文件传输协议", "FTP文件传输协议", "{02CE9509-CF3D-4FAC-AE98-216D340601D8}"
EndProject
Project("{2150E333-8FDC-42A3-9474-1A3956D46DE8}") = "GIS开发", "GIS开发", "{472FBD1D-86D8-48E8-A38A-E950F8B8BAE9}"
EndProject
Project("{2150E333-8FDC-42A3-9474-1A3956D46DE8}") = "验证码", "验证码", "{CAE28EF8-E031-4C7F-A911-7C4921204004}"
EndProject
Project("{FAE04EC0-301F-11D3-BF4B-00C04F79EFBC}") = "AuthCode", "AuthCode\AuthCode.csproj", "{8444A0B4-623B-40D9-9DF8-4F21A4C169CA}"
EndProject
Project("{2150E333-8FDC-42A3-9474-1A3956D46DE8}") = "数据操作", "数据操作", "{4C642995-FE4E-4214-8B45-A00343C2ACD6}"
EndProject
Project("{2150E333-8FDC-42A3-9474-1A3956D46DE8}") = "基础数据操作", "基础数据操作", "{15B18362-0B88-4799-9FDD-400F858277A6}"
EndProject
Project("{FAE04EC0-301F-11D3-BF4B-00C04F79EFBC}") = "RMBSwitch", "RMBSwitch\RMBSwitch.csproj", "{D85188B5-835B-4570-BAF1-86F25ED5F134}"
EndProject
Project("{FAE04EC0-301F-11D3-BF4B-00C04F79EFBC}") = "XmlToJson", "XmlToJson\XmlToJson.csproj", "{E66A1AF8-DC9C-4960-B4C2-AAF5D036630C}"
EndProject
Project("{2150E333-8FDC-42A3-9474-1A3956D46DE8}") = "图形图片", "图形图片", "{22340C3B-1543-41F8-A488-AA28797436F1}"
EndProject
Project("{2150E333-8FDC-42A3-9474-1A3956D46DE8}") = "邮件", "邮件", "{2FA88A8D-4BD3-4A48-9E4B-70EFF2B0EFC8}"
EndProject
Project("{FAE04EC0-301F-11D3-BF4B-00C04F79EFBC}") = "DownLoadFile", "DownLoadFile\DownLoadFile.csproj", "{D6B360D0-F948-4A06-BC96-4971930BFF07}"
EndProject
Project("{FAE04EC0-301F-11D3-BF4B-00C04F79EFBC}") = "BreakpointResume", "BreakpointResume\BreakpointResume.csproj", "{E27F43EF-8495-4FD7-AFFF-38D678EE29FA}"
EndProject
Project("{FAE04EC0-301F-11D3-BF4B-00C04F79EFBC}") = "StringHelper", "StringHelper\StringHelper.csproj", "{7BA8228F-FB0D-4957-85AE-0C67597B8E7D}"
EndProject
Project("{FAE04EC0-301F-11D3-BF4B-00C04F79EFBC}") = "WebServiceHelper", "WebServiceHelper\WebServiceHelper.csproj", "{DD5E857F-1C65-4D3B-ACBF-6ACFA450325C}"
EndProject
Project("{FAE04EC0-301F-11D3-BF4B-00C04F79EFBC}") = "SoundHelper", "SoundHelper\SoundHelper.csproj", "{1C47BF7D-64A8-43A7-817D-286A64D3E2C4}"
EndProject
Project("{2150E333-8FDC-42A3-9474-1A3956D46DE8}") = "Http请求", "Http请求", "{58A97DFC-0146-4D9A-8C22-CC0BF3AF593B}"
EndProject
Project("{FAE04EC0-301F-11D3-BF4B-00C04F79EFBC}") = "HttpClientApp", "HttpClientApp\HttpClientApp.csproj", "{1BFA4B80-A6E8-47E5-A544-A8C6752C112A}"
EndProject
Project("{2150E333-8FDC-42A3-9474-1A3956D46DE8}") = "作业和调度", "作业和调度", "{3FC982FE-C476-47D9-A736-55E52E62FA11}"
EndProject
Project("{FAE04EC0-301F-11D3-BF4B-00C04F79EFBC}") = "DBHelper", "XmlHelper\DBHelper.csproj", "{3F5C9ED2-8590-49AF-A84A-393AF9A6B5A5}"
EndProject
Project("{2150E333-8FDC-42A3-9474-1A3956D46DE8}") = "DBUtility", "DBUtility", "{DB5098C9-C8E3-45E8-ADFC-3CAE59AAD281}"
EndProject
Project("{FAE04EC0-301F-11D3-BF4B-00C04F79EFBC}") = "QuartzDemo", "QuartzDemo\QuartzDemo.csproj", "{90DF048F-B9B8-4B14-8BAC-9CD09CA87CF3}"
EndProject
Project("{FAE04EC0-301F-11D3-BF4B-00C04F79EFBC}") = "ImageSwitcher", "ImageSwitcher\ImageSwitcher.csproj", "{4C732523-5D69-42EC-9C0B-25C51D67437B}"
EndProject
Project("{FAE04EC0-301F-11D3-BF4B-00C04F79EFBC}") = "XmlHandler", "XmlHandler\XmlHandler.csproj", "{993A51CF-5A4F-44C7-A6CA-46153DCFFA51}"
EndProject
Project("{FAE04EC0-301F-11D3-BF4B-00C04F79EFBC}") = "ADOEntityFramework", "ADOEntityFramework\ADOEntityFramework.csproj", "{7ECE2365-6C59-4BDC-B4D0-5F09C6A7E80D}"
EndProject
Global
	GlobalSection(SolutionConfigurationPlatforms) = preSolution
		Debug|Any CPU = Debug|Any CPU
		Release|Any CPU = Release|Any CPU
	EndGlobalSection
	GlobalSection(ProjectConfigurationPlatforms) = postSolution
		{9D2E7402-7F90-4A7D-A2F2-7BC7EB2072E1}.Debug|Any CPU.ActiveCfg = Debug|Any CPU
		{9D2E7402-7F90-4A7D-A2F2-7BC7EB2072E1}.Debug|Any CPU.Build.0 = Debug|Any CPU
		{9D2E7402-7F90-4A7D-A2F2-7BC7EB2072E1}.Release|Any CPU.ActiveCfg = Release|Any CPU
		{9D2E7402-7F90-4A7D-A2F2-7BC7EB2072E1}.Release|Any CPU.Build.0 = Release|Any CPU
		{B2C6A7F9-A3C3-4715-B8AF-067FE31A8BE3}.Debug|Any CPU.ActiveCfg = Debug|Any CPU
		{B2C6A7F9-A3C3-4715-B8AF-067FE31A8BE3}.Debug|Any CPU.Build.0 = Debug|Any CPU
		{B2C6A7F9-A3C3-4715-B8AF-067FE31A8BE3}.Release|Any CPU.ActiveCfg = Release|Any CPU
		{B2C6A7F9-A3C3-4715-B8AF-067FE31A8BE3}.Release|Any CPU.Build.0 = Release|Any CPU
		{6A028216-976C-488B-BC8B-FE431DB38478}.Debug|Any CPU.ActiveCfg = Debug|Any CPU
		{6A028216-976C-488B-BC8B-FE431DB38478}.Debug|Any CPU.Build.0 = Debug|Any CPU
		{6A028216-976C-488B-BC8B-FE431DB38478}.Release|Any CPU.ActiveCfg = Release|Any CPU
		{6A028216-976C-488B-BC8B-FE431DB38478}.Release|Any CPU.Build.0 = Release|Any CPU
		{8444A0B4-623B-40D9-9DF8-4F21A4C169CA}.Debug|Any CPU.ActiveCfg = Debug|Any CPU
		{8444A0B4-623B-40D9-9DF8-4F21A4C169CA}.Debug|Any CPU.Build.0 = Debug|Any CPU
		{8444A0B4-623B-40D9-9DF8-4F21A4C169CA}.Release|Any CPU.ActiveCfg = Release|Any CPU
		{8444A0B4-623B-40D9-9DF8-4F21A4C169CA}.Release|Any CPU.Build.0 = Release|Any CPU
		{D85188B5-835B-4570-BAF1-86F25ED5F134}.Debug|Any CPU.ActiveCfg = Debug|Any CPU
		{D85188B5-835B-4570-BAF1-86F25ED5F134}.Debug|Any CPU.Build.0 = Debug|Any CPU
		{D85188B5-835B-4570-BAF1-86F25ED5F134}.Release|Any CPU.ActiveCfg = Release|Any CPU
		{D85188B5-835B-4570-BAF1-86F25ED5F134}.Release|Any CPU.Build.0 = Release|Any CPU
		{E66A1AF8-DC9C-4960-B4C2-AAF5D036630C}.Debug|Any CPU.ActiveCfg = Debug|Any CPU
		{E66A1AF8-DC9C-4960-B4C2-AAF5D036630C}.Debug|Any CPU.Build.0 = Debug|Any CPU
		{E66A1AF8-DC9C-4960-B4C2-AAF5D036630C}.Release|Any CPU.ActiveCfg = Release|Any CPU
		{E66A1AF8-DC9C-4960-B4C2-AAF5D036630C}.Release|Any CPU.Build.0 = Release|Any CPU
		{D6B360D0-F948-4A06-BC96-4971930BFF07}.Debug|Any CPU.ActiveCfg = Debug|Any CPU
		{D6B360D0-F948-4A06-BC96-4971930BFF07}.Debug|Any CPU.Build.0 = Debug|Any CPU
		{D6B360D0-F948-4A06-BC96-4971930BFF07}.Release|Any CPU.ActiveCfg = Release|Any CPU
		{D6B360D0-F948-4A06-BC96-4971930BFF07}.Release|Any CPU.Build.0 = Release|Any CPU
		{E27F43EF-8495-4FD7-AFFF-38D678EE29FA}.Debug|Any CPU.ActiveCfg = Debug|Any CPU
		{E27F43EF-8495-4FD7-AFFF-38D678EE29FA}.Debug|Any CPU.Build.0 = Debug|Any CPU
		{E27F43EF-8495-4FD7-AFFF-38D678EE29FA}.Release|Any CPU.ActiveCfg = Release|Any CPU
		{E27F43EF-8495-4FD7-AFFF-38D678EE29FA}.Release|Any CPU.Build.0 = Release|Any CPU
		{7BA8228F-FB0D-4957-85AE-0C67597B8E7D}.Debug|Any CPU.ActiveCfg = Debug|Any CPU
		{7BA8228F-FB0D-4957-85AE-0C67597B8E7D}.Debug|Any CPU.Build.0 = Debug|Any CPU
		{7BA8228F-FB0D-4957-85AE-0C67597B8E7D}.Release|Any CPU.ActiveCfg = Release|Any CPU
		{7BA8228F-FB0D-4957-85AE-0C67597B8E7D}.Release|Any CPU.Build.0 = Release|Any CPU
		{DD5E857F-1C65-4D3B-ACBF-6ACFA450325C}.Debug|Any CPU.ActiveCfg = Debug|Any CPU
		{DD5E857F-1C65-4D3B-ACBF-6ACFA450325C}.Debug|Any CPU.Build.0 = Debug|Any CPU
		{DD5E857F-1C65-4D3B-ACBF-6ACFA450325C}.Release|Any CPU.ActiveCfg = Release|Any CPU
		{DD5E857F-1C65-4D3B-ACBF-6ACFA450325C}.Release|Any CPU.Build.0 = Release|Any CPU
		{1C47BF7D-64A8-43A7-817D-286A64D3E2C4}.Debug|Any CPU.ActiveCfg = Debug|Any CPU
		{1C47BF7D-64A8-43A7-817D-286A64D3E2C4}.Debug|Any CPU.Build.0 = Debug|Any CPU
		{1C47BF7D-64A8-43A7-817D-286A64D3E2C4}.Release|Any CPU.ActiveCfg = Release|Any CPU
		{1C47BF7D-64A8-43A7-817D-286A64D3E2C4}.Release|Any CPU.Build.0 = Release|Any CPU
		{1BFA4B80-A6E8-47E5-A544-A8C6752C112A}.Debug|Any CPU.ActiveCfg = Debug|Any CPU
		{1BFA4B80-A6E8-47E5-A544-A8C6752C112A}.Debug|Any CPU.Build.0 = Debug|Any CPU
		{1BFA4B80-A6E8-47E5-A544-A8C6752C112A}.Release|Any CPU.ActiveCfg = Release|Any CPU
		{1BFA4B80-A6E8-47E5-A544-A8C6752C112A}.Release|Any CPU.Build.0 = Release|Any CPU
		{3F5C9ED2-8590-49AF-A84A-393AF9A6B5A5}.Debug|Any CPU.ActiveCfg = Debug|Any CPU
		{3F5C9ED2-8590-49AF-A84A-393AF9A6B5A5}.Debug|Any CPU.Build.0 = Debug|Any CPU
		{3F5C9ED2-8590-49AF-A84A-393AF9A6B5A5}.Release|Any CPU.ActiveCfg = Release|Any CPU
		{3F5C9ED2-8590-49AF-A84A-393AF9A6B5A5}.Release|Any CPU.Build.0 = Release|Any CPU
		{90DF048F-B9B8-4B14-8BAC-9CD09CA87CF3}.Debug|Any CPU.ActiveCfg = Debug|Any CPU
		{90DF048F-B9B8-4B14-8BAC-9CD09CA87CF3}.Debug|Any CPU.Build.0 = Debug|Any CPU
		{90DF048F-B9B8-4B14-8BAC-9CD09CA87CF3}.Release|Any CPU.ActiveCfg = Release|Any CPU
		{90DF048F-B9B8-4B14-8BAC-9CD09CA87CF3}.Release|Any CPU.Build.0 = Release|Any CPU
		{4C732523-5D69-42EC-9C0B-25C51D67437B}.Debug|Any CPU.ActiveCfg = Debug|Any CPU
		{4C732523-5D69-42EC-9C0B-25C51D67437B}.Debug|Any CPU.Build.0 = Debug|Any CPU
		{4C732523-5D69-42EC-9C0B-25C51D67437B}.Release|Any CPU.ActiveCfg = Release|Any CPU
		{4C732523-5D69-42EC-9C0B-25C51D67437B}.Release|Any CPU.Build.0 = Release|Any CPU
		{993A51CF-5A4F-44C7-A6CA-46153DCFFA51}.Debug|Any CPU.ActiveCfg = Debug|Any CPU
		{993A51CF-5A4F-44C7-A6CA-46153DCFFA51}.Debug|Any CPU.Build.0 = Debug|Any CPU
		{993A51CF-5A4F-44C7-A6CA-46153DCFFA51}.Release|Any CPU.ActiveCfg = Release|Any CPU
		{993A51CF-5A4F-44C7-A6CA-46153DCFFA51}.Release|Any CPU.Build.0 = Release|Any CPU
		{7ECE2365-6C59-4BDC-B4D0-5F09C6A7E80D}.Debug|Any CPU.ActiveCfg = Debug|Any CPU
		{7ECE2365-6C59-4BDC-B4D0-5F09C6A7E80D}.Debug|Any CPU.Build.0 = Debug|Any CPU
		{7ECE2365-6C59-4BDC-B4D0-5F09C6A7E80D}.Release|Any CPU.ActiveCfg = Release|Any CPU
		{7ECE2365-6C59-4BDC-B4D0-5F09C6A7E80D}.Release|Any CPU.Build.0 = Release|Any CPU
	EndGlobalSection
	GlobalSection(SolutionProperties) = preSolution
		HideSolutionNode = FALSE
	EndGlobalSection
	GlobalSection(NestedProjects) = preSolution
		{9D2E7402-7F90-4A7D-A2F2-7BC7EB2072E1} = {02CE9509-CF3D-4FAC-AE98-216D340601D8}
		{B2C6A7F9-A3C3-4715-B8AF-067FE31A8BE3} = {A5D17D07-C630-4945-85AF-8F9140C26EE0}
		{6A028216-976C-488B-BC8B-FE431DB38478} = {472FBD1D-86D8-48E8-A38A-E950F8B8BAE9}
		{8444A0B4-623B-40D9-9DF8-4F21A4C169CA} = {CAE28EF8-E031-4C7F-A911-7C4921204004}
		{D85188B5-835B-4570-BAF1-86F25ED5F134} = {15B18362-0B88-4799-9FDD-400F858277A6}
		{E66A1AF8-DC9C-4960-B4C2-AAF5D036630C} = {15B18362-0B88-4799-9FDD-400F858277A6}
		{D6B360D0-F948-4A06-BC96-4971930BFF07} = {02CE9509-CF3D-4FAC-AE98-216D340601D8}
		{E27F43EF-8495-4FD7-AFFF-38D678EE29FA} = {02CE9509-CF3D-4FAC-AE98-216D340601D8}
		{7BA8228F-FB0D-4957-85AE-0C67597B8E7D} = {15B18362-0B88-4799-9FDD-400F858277A6}
		{DD5E857F-1C65-4D3B-ACBF-6ACFA450325C} = {15B18362-0B88-4799-9FDD-400F858277A6}
		{1C47BF7D-64A8-43A7-817D-286A64D3E2C4} = {15B18362-0B88-4799-9FDD-400F858277A6}
		{1BFA4B80-A6E8-47E5-A544-A8C6752C112A} = {58A97DFC-0146-4D9A-8C22-CC0BF3AF593B}
		{3F5C9ED2-8590-49AF-A84A-393AF9A6B5A5} = {DB5098C9-C8E3-45E8-ADFC-3CAE59AAD281}
		{90DF048F-B9B8-4B14-8BAC-9CD09CA87CF3} = {3FC982FE-C476-47D9-A736-55E52E62FA11}
		{4C732523-5D69-42EC-9C0B-25C51D67437B} = {22340C3B-1543-41F8-A488-AA28797436F1}
		{993A51CF-5A4F-44C7-A6CA-46153DCFFA51} = {15B18362-0B88-4799-9FDD-400F858277A6}
		{7ECE2365-6C59-4BDC-B4D0-5F09C6A7E80D} = {DB5098C9-C8E3-45E8-ADFC-3CAE59AAD281}
	EndGlobalSection
EndGlobal
